# THIS IS AN AUTOGENERATED FILE. DO NOT EDIT THIS FILE DIRECTLY.
# yarn lockfile v1


"@remix-run/router@1.6.3":
  version "1.6.3"
  resolved "https://registry.yarnpkg.com/@remix-run/router/-/router-1.6.3.tgz#8205baf6e17ef93be35bf62c37d2d594e9be0dad"
  integrity sha512-EXJysQ7J3veRECd0kZFQwYYd5sJMcq2O/m60zu1W2l3oVQ9xtub8jTOtYRE0+M2iomyG/W3Ps7+vp2kna0C27Q==

react-hook@^0.0.1:
  version "0.0.1"
  resolved "https://registry.yarnpkg.com/react-hook/-/react-hook-0.0.1.tgz#decb8a9f8cedcc88223d3c45853f32366f8cb4a5"
  integrity sha512-2/Guf88/dGyFgUT7QDtBJ1l7V5yqTcAHlNRIZNTu2xg0KkDjaiYZp79ah49NDaLMI/J7voWcKLU8wMONG4A/1g==

react-router-dom@^6.12.0:
  version "6.12.0"
  resolved "https://registry.yarnpkg.com/react-router-dom/-/react-router-dom-6.12.0.tgz#372279caaaa1ffb0204926c83e93a139b112d861"
  integrity sha512-UzLwZ3ZVaDr6YV0HdjwxuwtDKgwpJx9o1ea9fU0HV4tTvzdB8WPHzlLFMo5orchpIS84e8G4Erlhu7Rl84XDFQ==
  dependencies:
    "@remix-run/router" "1.6.3"
    react-router "6.12.0"

react-router@6.12.0:
  version "6.12.0"
  resolved "https://registry.yarnpkg.com/react-router/-/react-router-6.12.0.tgz#1afae9219c24c8611809469d7a386c8023ade39a"
  integrity sha512-/tCGtLq9umxRvbYeIx3j94CmpQfue0E3qnetVm9luKhu58cR4t+3O4ZrQXBdXfJrBATOAj+wF/1ihJJQI8AoTw==
  dependencies:
    "@remix-run/router" "1.6.3"
